
Microsoft Visual Studio Solution File, Format Version 12.00
# Visual Studio Version 16
VisualStudioVersion = 16.0.31911.196
MinimumVisualStudioVersion = 10.0.40219.1
Project("{2150E333-8FDC-42A3-9474-1A3956D46DE8}") = "src", "src", "{3936DEBF-B84D-48D5-AB1E-674724119DB0}"
EndProject
Project("{9A19103F-16F7-4668-BE54-9A1E7A4F7556}") = "Domain", "src\Domain\Domain.csproj", "{8C2F9109-FDBA-4477-A80B-E0A5E37C4380}"
EndProject
Project("{9A19103F-16F7-4668-BE54-9A1E7A4F7556}") = "Application", "src\Application\Application.csproj", "{F73A4621-4F37-4372-AA25-32FD824F814D}"
EndProject
Project("{9A19103F-16F7-4668-BE54-9A1E7A4F7556}") = "Infrastructure", "src\Infrastructure\Infrastructure.csproj", "{A004A5EE-4F8C-497E-A2CA-7E3ACC19ABAF}"
EndProject
Project("{9A19103F-16F7-4668-BE54-9A1E7A4F7556}") = "WebAPI", "src\WebAPI\WebAPI.csproj", "{4C109389-DE0F-4E77-91BE-3BE4F13CB72A}"
EndProject
Project("{FAE04EC0-301F-11D3-BF4B-00C04F79EFBC}") = "UnitTest", "UnitTest\UnitTest.csproj", "{B122A584-42D4-41DD-9713-53ECD9E74A8C}"
EndProject
Global
	GlobalSection(SolutionConfigurationPlatforms) = preSolution
		Debug|Any CPU = Debug|Any CPU
		Release|Any CPU = Release|Any CPU
	EndGlobalSection
	GlobalSection(ProjectConfigurationPlatforms) = postSolution
		{8C2F9109-FDBA-4477-A80B-E0A5E37C4380}.Debug|Any CPU.ActiveCfg = Debug|Any CPU
		{8C2F9109-FDBA-4477-A80B-E0A5E37C4380}.Debug|Any CPU.Build.0 = Debug|Any CPU
		{8C2F9109-FDBA-4477-A80B-E0A5E37C4380}.Release|Any CPU.ActiveCfg = Release|Any CPU
		{8C2F9109-FDBA-4477-A80B-E0A5E37C4380}.Release|Any CPU.Build.0 = Release|Any CPU
		{F73A4621-4F37-4372-AA25-32FD824F814D}.Debug|Any CPU.ActiveCfg = Debug|Any CPU
		{F73A4621-4F37-4372-AA25-32FD824F814D}.Debug|Any CPU.Build.0 = Debug|Any CPU
		{F73A4621-4F37-4372-AA25-32FD824F814D}.Release|Any CPU.ActiveCfg = Release|Any CPU
		{F73A4621-4F37-4372-AA25-32FD824F814D}.Release|Any CPU.Build.0 = Release|Any CPU
		{A004A5EE-4F8C-497E-A2CA-7E3ACC19ABAF}.Debug|Any CPU.ActiveCfg = Debug|Any CPU
		{A004A5EE-4F8C-497E-A2CA-7E3ACC19ABAF}.Debug|Any CPU.Build.0 = Debug|Any CPU
		{A004A5EE-4F8C-497E-A2CA-7E3ACC19ABAF}.Release|Any CPU.ActiveCfg = Release|Any CPU
		{A004A5EE-4F8C-497E-A2CA-7E3ACC19ABAF}.Release|Any CPU.Build.0 = Release|Any CPU
		{4C109389-DE0F-4E77-91BE-3BE4F13CB72A}.Debug|Any CPU.ActiveCfg = Debug|Any CPU
		{4C109389-DE0F-4E77-91BE-3BE4F13CB72A}.Debug|Any CPU.Build.0 = Debug|Any CPU
		{4C109389-DE0F-4E77-91BE-3BE4F13CB72A}.Release|Any CPU.ActiveCfg = Release|Any CPU
		{4C109389-DE0F-4E77-91BE-3BE4F13CB72A}.Release|Any CPU.Build.0 = Release|Any CPU
		{B122A584-42D4-41DD-9713-53ECD9E74A8C}.Debug|Any CPU.ActiveCfg = Debug|Any CPU
		{B122A584-42D4-41DD-9713-53ECD9E74A8C}.Debug|Any CPU.Build.0 = Debug|Any CPU
		{B122A584-42D4-41DD-9713-53ECD9E74A8C}.Release|Any CPU.ActiveCfg = Release|Any CPU
		{B122A584-42D4-41DD-9713-53ECD9E74A8C}.Release|Any CPU.Build.0 = Release|Any CPU
	EndGlobalSection
	GlobalSection(SolutionProperties) = preSolution
		HideSolutionNode = FALSE
	EndGlobalSection
	GlobalSection(NestedProjects) = preSolution
		{8C2F9109-FDBA-4477-A80B-E0A5E37C4380} = {3936DEBF-B84D-48D5-AB1E-674724119DB0}
		{F73A4621-4F37-4372-AA25-32FD824F814D} = {3936DEBF-B84D-48D5-AB1E-674724119DB0}
		{A004A5EE-4F8C-497E-A2CA-7E3ACC19ABAF} = {3936DEBF-B84D-48D5-AB1E-674724119DB0}
		{4C109389-DE0F-4E77-91BE-3BE4F13CB72A} = {3936DEBF-B84D-48D5-AB1E-674724119DB0}
		{B122A584-42D4-41DD-9713-53ECD9E74A8C} = {3936DEBF-B84D-48D5-AB1E-674724119DB0}
	EndGlobalSection
	GlobalSection(ExtensibilityGlobals) = postSolution
		SolutionGuid = {F3D8037D-D32F-41E0-939D-FCBA2649E4F8}
	EndGlobalSection
EndGlobal
